
Microsoft Visual Studio Solution File, Format Version 12.00
# Visual Studio Version 17
VisualStudioVersion = 17.0.31903.59
MinimumVisualStudioVersion = 10.0.40219.1
Project("{2150E333-8FDC-42A3-9474-1A3956D46DE8}") = "src", "src", "{DE9199B1-5369-457A-B8E1-309CACB741C5}"
EndProject
Project("{2150E333-8FDC-42A3-9474-1A3956D46DE8}") = "Bootstrapper", "Bootstrapper", "{5F0EB5FB-6B40-4E36-A4E0-42CECFB7148E}"
EndProject
Project("{FAE04EC0-301F-11D3-BF4B-00C04F79EFBC}") = "DelamainNet.Bootstrapper", "src\Bootstrapper\DelamainNet.Bootstrapper\DelamainNet.Bootstrapper.csproj", "{30E38F7A-E1AC-429B-8580-5B42EB8F000A}"
EndProject
Project("{2150E333-8FDC-42A3-9474-1A3956D46DE8}") = "Modules", "Modules", "{458E5B1B-706E-4152-954A-619D055E316D}"
EndProject
Project("{2150E333-8FDC-42A3-9474-1A3956D46DE8}") = "Shared", "Shared", "{30608E2A-862A-4A58-AD2A-1C2E03DA3C7C}"
EndProject
Project("{FAE04EC0-301F-11D3-BF4B-00C04F79EFBC}") = "DelamainNet.Shared.Abstractions", "src\Shared\DelamainNet.Shared.Abstractions\DelamainNet.Shared.Abstractions.csproj", "{B3973984-9843-4202-9042-FFA3C226C45F}"
EndProject
Project("{FAE04EC0-301F-11D3-BF4B-00C04F79EFBC}") = "DelamainNet.Shared.Infrastructure", "src\Shared\DelamainNet.Shared.Infrastructure\DelamainNet.Shared.Infrastructure.csproj", "{A567B1E8-F1CB-4BBA-A0DC-826DD37FEEC8}"
EndProject
Project("{2150E333-8FDC-42A3-9474-1A3956D46DE8}") = "Orders", "Orders", "{1B2D2771-20F2-46AD-B0E1-DE5B9F3C6EEF}"
EndProject
Project("{2150E333-8FDC-42A3-9474-1A3956D46DE8}") = "Maintenances", "Maintenances", "{D712B984-D5C0-4D23-BEFF-07B93BD51186}"
EndProject
Project("{FAE04EC0-301F-11D3-BF4B-00C04F79EFBC}") = "DelamainNet.Modules.Maintenances.Api", "src\Modules\Maintenances\DelamainNet.Modules.Maintenances.Api\DelamainNet.Modules.Maintenances.Api.csproj", "{6FBE8A77-100C-47B8-9488-CE12C77969DA}"
EndProject
Project("{FAE04EC0-301F-11D3-BF4B-00C04F79EFBC}") = "DelamainNet.Modules.Orders.Api", "src\Modules\Orders\DelamainNet.Modules.Orders.Api\DelamainNet.Modules.Orders.Api.csproj", "{83403363-1E00-4B75-BACD-51F1D5C70E40}"
EndProject
Global
	GlobalSection(SolutionConfigurationPlatforms) = preSolution
		Debug|Any CPU = Debug|Any CPU
		Release|Any CPU = Release|Any CPU
	EndGlobalSection
	GlobalSection(SolutionProperties) = preSolution
		HideSolutionNode = FALSE
	EndGlobalSection
	GlobalSection(ProjectConfigurationPlatforms) = postSolution
		{30E38F7A-E1AC-429B-8580-5B42EB8F000A}.Debug|Any CPU.ActiveCfg = Debug|Any CPU
		{30E38F7A-E1AC-429B-8580-5B42EB8F000A}.Debug|Any CPU.Build.0 = Debug|Any CPU
		{30E38F7A-E1AC-429B-8580-5B42EB8F000A}.Release|Any CPU.ActiveCfg = Release|Any CPU
		{30E38F7A-E1AC-429B-8580-5B42EB8F000A}.Release|Any CPU.Build.0 = Release|Any CPU
		{B3973984-9843-4202-9042-FFA3C226C45F}.Debug|Any CPU.ActiveCfg = Debug|Any CPU
		{B3973984-9843-4202-9042-FFA3C226C45F}.Debug|Any CPU.Build.0 = Debug|Any CPU
		{B3973984-9843-4202-9042-FFA3C226C45F}.Release|Any CPU.ActiveCfg = Release|Any CPU
		{B3973984-9843-4202-9042-FFA3C226C45F}.Release|Any CPU.Build.0 = Release|Any CPU
		{A567B1E8-F1CB-4BBA-A0DC-826DD37FEEC8}.Debug|Any CPU.ActiveCfg = Debug|Any CPU
		{A567B1E8-F1CB-4BBA-A0DC-826DD37FEEC8}.Debug|Any CPU.Build.0 = Debug|Any CPU
		{A567B1E8-F1CB-4BBA-A0DC-826DD37FEEC8}.Release|Any CPU.ActiveCfg = Release|Any CPU
		{A567B1E8-F1CB-4BBA-A0DC-826DD37FEEC8}.Release|Any CPU.Build.0 = Release|Any CPU
		{6FBE8A77-100C-47B8-9488-CE12C77969DA}.Debug|Any CPU.ActiveCfg = Debug|Any CPU
		{6FBE8A77-100C-47B8-9488-CE12C77969DA}.Debug|Any CPU.Build.0 = Debug|Any CPU
		{6FBE8A77-100C-47B8-9488-CE12C77969DA}.Release|Any CPU.ActiveCfg = Release|Any CPU
		{6FBE8A77-100C-47B8-9488-CE12C77969DA}.Release|Any CPU.Build.0 = Release|Any CPU
		{83403363-1E00-4B75-BACD-51F1D5C70E40}.Debug|Any CPU.ActiveCfg = Debug|Any CPU
		{83403363-1E00-4B75-BACD-51F1D5C70E40}.Debug|Any CPU.Build.0 = Debug|Any CPU
		{83403363-1E00-4B75-BACD-51F1D5C70E40}.Release|Any CPU.ActiveCfg = Release|Any CPU
		{83403363-1E00-4B75-BACD-51F1D5C70E40}.Release|Any CPU.Build.0 = Release|Any CPU
	EndGlobalSection
	GlobalSection(NestedProjects) = preSolution
		{5F0EB5FB-6B40-4E36-A4E0-42CECFB7148E} = {DE9199B1-5369-457A-B8E1-309CACB741C5}
		{30E38F7A-E1AC-429B-8580-5B42EB8F000A} = {5F0EB5FB-6B40-4E36-A4E0-42CECFB7148E}
		{458E5B1B-706E-4152-954A-619D055E316D} = {DE9199B1-5369-457A-B8E1-309CACB741C5}
		{30608E2A-862A-4A58-AD2A-1C2E03DA3C7C} = {DE9199B1-5369-457A-B8E1-309CACB741C5}
		{B3973984-9843-4202-9042-FFA3C226C45F} = {30608E2A-862A-4A58-AD2A-1C2E03DA3C7C}
		{A567B1E8-F1CB-4BBA-A0DC-826DD37FEEC8} = {30608E2A-862A-4A58-AD2A-1C2E03DA3C7C}
		{1B2D2771-20F2-46AD-B0E1-DE5B9F3C6EEF} = {458E5B1B-706E-4152-954A-619D055E316D}
		{D712B984-D5C0-4D23-BEFF-07B93BD51186} = {458E5B1B-706E-4152-954A-619D055E316D}
		{6FBE8A77-100C-47B8-9488-CE12C77969DA} = {D712B984-D5C0-4D23-BEFF-07B93BD51186}
		{83403363-1E00-4B75-BACD-51F1D5C70E40} = {1B2D2771-20F2-46AD-B0E1-DE5B9F3C6EEF}
	EndGlobalSection
EndGlobal
